
Microsoft Visual Studio Solution File, Format Version 12.00
# Visual Studio Version 17
VisualStudioVersion = 17.9.34616.47
MinimumVisualStudioVersion = 10.0.40219.1
Project("{FAE04EC0-301F-11D3-BF4B-00C04F79EFBC}") = "CalculadoraCsharp", "CalculadoraCsharp\CalculadoraCsharp.csproj", "{330666AB-9BD4-4B56-8AE3-0E57B85B4A06}"
EndProject
Global
	GlobalSection(SolutionConfigurationPlatforms) = preSolution
		Debug|Any CPU = Debug|Any CPU
		Release|Any CPU = Release|Any CPU
	EndGlobalSection
	GlobalSection(ProjectConfigurationPlatforms) = postSolution
		{330666AB-9BD4-4B56-8AE3-0E57B85B4A06}.Debug|Any CPU.ActiveCfg = Debug|Any CPU
		{330666AB-9BD4-4B56-8AE3-0E57B85B4A06}.Debug|Any CPU.Build.0 = Debug|Any CPU
		{330666AB-9BD4-4B56-8AE3-0E57B85B4A06}.Release|Any CPU.ActiveCfg = Release|Any CPU
		{330666AB-9BD4-4B56-8AE3-0E57B85B4A06}.Release|Any CPU.Build.0 = Release|Any CPU
	EndGlobalSection
	GlobalSection(SolutionProperties) = preSolution
		HideSolutionNode = FALSE
	EndGlobalSection
	GlobalSection(ExtensibilityGlobals) = postSolution
		SolutionGuid = {597EA672-AB37-4A48-8F8E-33349B3CBB94}
	EndGlobalSection
EndGlobal
